// !$*UTF8*$!
{
	archiveVersion = 1;
	classes = {
	};
	objectVersion = 56;
	objects = {

/* Begin PBXBuildFile section */
		7F0B958A2A903F6A00845718 /* ChefDeliveryApp.swift in Sources */ = {isa = PBXBuildFile; fileRef = 7F0B95892A903F6A00845718 /* ChefDeliveryApp.swift */; };
		7F0B958C2A903F6A00845718 /* ContentView.swift in Sources */ = {isa = PBXBuildFile; fileRef = 7F0B958B2A903F6A00845718 /* ContentView.swift */; };
		7F0B958E2A903F6A00845718 /* Assets.xcassets in Resources */ = {isa = PBXBuildFile; fileRef = 7F0B958D2A903F6A00845718 /* Assets.xcassets */; };
		7F0B95912A903F6A00845718 /* Preview Assets.xcassets in Resources */ = {isa = PBXBuildFile; fileRef = 7F0B95902A903F6A00845718 /* Preview Assets.xcassets */; };
		7F0B959A2A90422500845718 /* NavigationBar.swift in Sources */ = {isa = PBXBuildFile; fileRef = 7F0B95992A90422500845718 /* NavigationBar.swift */; };
		7F0B959D2A9046DD00845718 /* OrderTypeGridView.swift in Sources */ = {isa = PBXBuildFile; fileRef = 7F0B959C2A9046DD00845718 /* OrderTypeGridView.swift */; };
		7F0B95A12A904AE700845718 /* OderType.swift in Sources */ = {isa = PBXBuildFile; fileRef = 7F0B95A02A904AE700845718 /* OderType.swift */; };
		7F0B95A32A904B5500845718 /* DataSourceMock.swift in Sources */ = {isa = PBXBuildFile; fileRef = 7F0B95A22A904B5500845718 /* DataSourceMock.swift */; };
		7F0B95A52A904E1000845718 /* OrderTypeView.swift in Sources */ = {isa = PBXBuildFile; fileRef = 7F0B95A42A904E1000845718 /* OrderTypeView.swift */; };
		7F0B95A82A90538D00845718 /* CarroselItemView.swift in Sources */ = {isa = PBXBuildFile; fileRef = 7F0B95A72A90538D00845718 /* CarroselItemView.swift */; };
		7F0B95AA2A90551100845718 /* CarroselTabView.swift in Sources */ = {isa = PBXBuildFile; fileRef = 7F0B95A92A90551100845718 /* CarroselTabView.swift */; };
		7F0B95AD2A90571D00845718 /* StoreItemView.swift in Sources */ = {isa = PBXBuildFile; fileRef = 7F0B95AC2A90571D00845718 /* StoreItemView.swift */; };
		7F0B95B02A90589700845718 /* StoresConteinerView.swift in Sources */ = {isa = PBXBuildFile; fileRef = 7F0B95AF2A90589700845718 /* StoresConteinerView.swift */; };
		7F3EEF232A916EED00F4E99B /* StoreDetailView.swift in Sources */ = {isa = PBXBuildFile; fileRef = 7F3EEF222A916EED00F4E99B /* StoreDetailView.swift */; };
		7F3EEF252A91791400F4E99B /* StoreType.swift in Sources */ = {isa = PBXBuildFile; fileRef = 7F3EEF242A91791400F4E99B /* StoreType.swift */; };
		7F3EEF272A91795800F4E99B /* ProductType.swift in Sources */ = {isa = PBXBuildFile; fileRef = 7F3EEF262A91795800F4E99B /* ProductType.swift */; };
		7F3EEF2A2A91805F00F4E99B /* Double+.swift in Sources */ = {isa = PBXBuildFile; fileRef = 7F3EEF292A91805F00F4E99B /* Double+.swift */; };
		7F3EEF2D2A91950700F4E99B /* ProductDetailView.swift in Sources */ = {isa = PBXBuildFile; fileRef = 7F3EEF2C2A91950700F4E99B /* ProductDetailView.swift */; };
		7F3EEF302A91A25100F4E99B /* StoreDetailHeaderView.swift in Sources */ = {isa = PBXBuildFile; fileRef = 7F3EEF2F2A91A25100F4E99B /* StoreDetailHeaderView.swift */; };
		7F3EEF322A91A2F700F4E99B /* StoreDetailProductsView.swift in Sources */ = {isa = PBXBuildFile; fileRef = 7F3EEF312A91A2F700F4E99B /* StoreDetailProductsView.swift */; };
		7F3EEF342A91A43F00F4E99B /* StoreDetailProductItemView.swift in Sources */ = {isa = PBXBuildFile; fileRef = 7F3EEF332A91A43F00F4E99B /* StoreDetailProductItemView.swift */; };
		7F3EEF362A91A5DA00F4E99B /* ProductDetailHeaderView.swift in Sources */ = {isa = PBXBuildFile; fileRef = 7F3EEF352A91A5DA00F4E99B /* ProductDetailHeaderView.swift */; };
		7F3EEF382A91A63700F4E99B /* ProductDetailQuantityView.swift in Sources */ = {isa = PBXBuildFile; fileRef = 7F3EEF372A91A63700F4E99B /* ProductDetailQuantityView.swift */; };
/* End PBXBuildFile section */

/* Begin PBXFileReference section */
		7F0B95862A903F6A00845718 /* ChefDelivery.app */ = {isa = PBXFileReference; explicitFileType = wrapper.application; includeInIndex = 0; path = ChefDelivery.app; sourceTree = BUILT_PRODUCTS_DIR; };
		7F0B95892A903F6A00845718 /* ChefDeliveryApp.swift */ = {isa = PBXFileReference; lastKnownFileType = sourcecode.swift; path = ChefDeliveryApp.swift; sourceTree = "<group>"; };
		7F0B958B2A903F6A00845718 /* ContentView.swift */ = {isa = PBXFileReference; lastKnownFileType = sourcecode.swift; path = ContentView.swift; sourceTree = "<group>"; };
		7F0B958D2A903F6A00845718 /* Assets.xcassets */ = {isa = PBXFileReference; lastKnownFileType = folder.assetcatalog; path = Assets.xcassets; sourceTree = "<group>"; };
		7F0B95902A903F6A00845718 /* Preview Assets.xcassets */ = {isa = PBXFileReference; lastKnownFileType = folder.assetcatalog; path = "Preview Assets.xcassets"; sourceTree = "<group>"; };
		7F0B95992A90422500845718 /* NavigationBar.swift */ = {isa = PBXFileReference; lastKnownFileType = sourcecode.swift; path = NavigationBar.swift; sourceTree = "<group>"; };
		7F0B959C2A9046DD00845718 /* OrderTypeGridView.swift */ = {isa = PBXFileReference; lastKnownFileType = sourcecode.swift; path = OrderTypeGridView.swift; sourceTree = "<group>"; };
		7F0B95A02A904AE700845718 /* OderType.swift */ = {isa = PBXFileReference; lastKnownFileType = sourcecode.swift; path = OderType.swift; sourceTree = "<group>"; };
		7F0B95A22A904B5500845718 /* DataSourceMock.swift */ = {isa = PBXFileReference; lastKnownFileType = sourcecode.swift; path = DataSourceMock.swift; sourceTree = "<group>"; };
		7F0B95A42A904E1000845718 /* OrderTypeView.swift */ = {isa = PBXFileReference; lastKnownFileType = sourcecode.swift; path = OrderTypeView.swift; sourceTree = "<group>"; };
		7F0B95A72A90538D00845718 /* CarroselItemView.swift */ = {isa = PBXFileReference; lastKnownFileType = sourcecode.swift; path = CarroselItemView.swift; sourceTree = "<group>"; };
		7F0B95A92A90551100845718 /* CarroselTabView.swift */ = {isa = PBXFileReference; lastKnownFileType = sourcecode.swift; path = CarroselTabView.swift; sourceTree = "<group>"; };
		7F0B95AC2A90571D00845718 /* StoreItemView.swift */ = {isa = PBXFileReference; lastKnownFileType = sourcecode.swift; path = StoreItemView.swift; sourceTree = "<group>"; };
		7F0B95AF2A90589700845718 /* StoresConteinerView.swift */ = {isa = PBXFileReference; lastKnownFileType = sourcecode.swift; path = StoresConteinerView.swift; sourceTree = "<group>"; };
		7F3EEF222A916EED00F4E99B /* StoreDetailView.swift */ = {isa = PBXFileReference; lastKnownFileType = sourcecode.swift; path = StoreDetailView.swift; sourceTree = "<group>"; };
		7F3EEF242A91791400F4E99B /* StoreType.swift */ = {isa = PBXFileReference; lastKnownFileType = sourcecode.swift; path = StoreType.swift; sourceTree = "<group>"; };
		7F3EEF262A91795800F4E99B /* ProductType.swift */ = {isa = PBXFileReference; lastKnownFileType = sourcecode.swift; path = ProductType.swift; sourceTree = "<group>"; };
		7F3EEF292A91805F00F4E99B /* Double+.swift */ = {isa = PBXFileReference; lastKnownFileType = sourcecode.swift; path = "Double+.swift"; sourceTree = "<group>"; };
		7F3EEF2C2A91950700F4E99B /* ProductDetailView.swift */ = {isa = PBXFileReference; lastKnownFileType = sourcecode.swift; path = ProductDetailView.swift; sourceTree = "<group>"; };
		7F3EEF2F2A91A25100F4E99B /* StoreDetailHeaderView.swift */ = {isa = PBXFileReference; lastKnownFileType = sourcecode.swift; path = StoreDetailHeaderView.swift; sourceTree = "<group>"; };
		7F3EEF312A91A2F700F4E99B /* StoreDetailProductsView.swift */ = {isa = PBXFileReference; lastKnownFileType = sourcecode.swift; path = StoreDetailProductsView.swift; sourceTree = "<group>"; };
		7F3EEF332A91A43F00F4E99B /* StoreDetailProductItemView.swift */ = {isa = PBXFileReference; lastKnownFileType = sourcecode.swift; path = StoreDetailProductItemView.swift; sourceTree = "<group>"; };
		7F3EEF352A91A5DA00F4E99B /* ProductDetailHeaderView.swift */ = {isa = PBXFileReference; lastKnownFileType = sourcecode.swift; path = ProductDetailHeaderView.swift; sourceTree = "<group>"; };
		7F3EEF372A91A63700F4E99B /* ProductDetailQuantityView.swift */ = {isa = PBXFileReference; lastKnownFileType = sourcecode.swift; path = ProductDetailQuantityView.swift; sourceTree = "<group>"; };
/* End PBXFileReference section */

/* Begin PBXFrameworksBuildPhase section */
		7F0B95832A903F6A00845718 /* Frameworks */ = {
			isa = PBXFrameworksBuildPhase;
			buildActionMask = 2147483647;
			files = (
			);
			runOnlyForDeploymentPostprocessing = 0;
		};
/* End PBXFrameworksBuildPhase section */

/* Begin PBXGroup section */
		7F0B957D2A903F6900845718 = {
			isa = PBXGroup;
			children = (
				7F0B95882A903F6A00845718 /* ChefDelivery */,
				7F0B95872A903F6A00845718 /* Products */,
			);
			sourceTree = "<group>";
		};
		7F0B95872A903F6A00845718 /* Products */ = {
			isa = PBXGroup;
			children = (
				7F0B95862A903F6A00845718 /* ChefDelivery.app */,
			);
			name = Products;
			sourceTree = "<group>";
		};
		7F0B95882A903F6A00845718 /* ChefDelivery */ = {
			isa = PBXGroup;
			children = (
				7F3EEF2B2A9194F700F4E99B /* ProductView */,
				7F3EEF282A91804E00F4E99B /* Extension */,
				7F0B95982A9041ED00845718 /* App */,
				7F0B959E2A904AB400845718 /* Model */,
				7F0B95972A9041DC00845718 /* NavigationBar */,
				7F0B959B2A9046A600845718 /* GridView */,
				7F0B95A62A90537000845718 /* CarroselView */,
				7F0B95AB2A90570A00845718 /* StoresView */,
				7F0B958D2A903F6A00845718 /* Assets.xcassets */,
				7F0B958F2A903F6A00845718 /* Preview Content */,
			);
			path = ChefDelivery;
			sourceTree = "<group>";
		};
		7F0B958F2A903F6A00845718 /* Preview Content */ = {
			isa = PBXGroup;
			children = (
				7F0B95902A903F6A00845718 /* Preview Assets.xcassets */,
			);
			path = "Preview Content";
			sourceTree = "<group>";
		};
		7F0B95972A9041DC00845718 /* NavigationBar */ = {
			isa = PBXGroup;
			children = (
				7F0B95992A90422500845718 /* NavigationBar.swift */,
			);
			path = NavigationBar;
			sourceTree = "<group>";
		};
		7F0B95982A9041ED00845718 /* App */ = {
			isa = PBXGroup;
			children = (
				7F0B95892A903F6A00845718 /* ChefDeliveryApp.swift */,
				7F0B958B2A903F6A00845718 /* ContentView.swift */,
			);
			path = App;
			sourceTree = "<group>";
		};
		7F0B959B2A9046A600845718 /* GridView */ = {
			isa = PBXGroup;
			children = (
				7F0B959C2A9046DD00845718 /* OrderTypeGridView.swift */,
				7F0B95A42A904E1000845718 /* OrderTypeView.swift */,
			);
			path = GridView;
			sourceTree = "<group>";
		};
		7F0B959E2A904AB400845718 /* Model */ = {
			isa = PBXGroup;
			children = (
				7F0B95A02A904AE700845718 /* OderType.swift */,
				7F0B95A22A904B5500845718 /* DataSourceMock.swift */,
				7F3EEF242A91791400F4E99B /* StoreType.swift */,
				7F3EEF262A91795800F4E99B /* ProductType.swift */,
			);
			path = Model;
			sourceTree = "<group>";
		};
		7F0B95A62A90537000845718 /* CarroselView */ = {
			isa = PBXGroup;
			children = (
				7F0B95A72A90538D00845718 /* CarroselItemView.swift */,
				7F0B95A92A90551100845718 /* CarroselTabView.swift */,
			);
			path = CarroselView;
			sourceTree = "<group>";
		};
		7F0B95AB2A90570A00845718 /* StoresView */ = {
			isa = PBXGroup;
			children = (
				7F3EEF2E2A91A23100F4E99B /* StoreDetailview */,
				7F0B95AC2A90571D00845718 /* StoreItemView.swift */,
				7F0B95AF2A90589700845718 /* StoresConteinerView.swift */,
			);
			path = StoresView;
			sourceTree = "<group>";
		};
		7F3EEF282A91804E00F4E99B /* Extension */ = {
			isa = PBXGroup;
			children = (
				7F3EEF292A91805F00F4E99B /* Double+.swift */,
			);
			path = Extension;
			sourceTree = "<group>";
		};
		7F3EEF2B2A9194F700F4E99B /* ProductView */ = {
			isa = PBXGroup;
			children = (
				7F3EEF2C2A91950700F4E99B /* ProductDetailView.swift */,
				7F3EEF352A91A5DA00F4E99B /* ProductDetailHeaderView.swift */,
				7F3EEF372A91A63700F4E99B /* ProductDetailQuantityView.swift */,
			);
			path = ProductView;
			sourceTree = "<group>";
		};
		7F3EEF2E2A91A23100F4E99B /* StoreDetailview */ = {
			isa = PBXGroup;
			children = (
				7F3EEF222A916EED00F4E99B /* StoreDetailView.swift */,
				7F3EEF2F2A91A25100F4E99B /* StoreDetailHeaderView.swift */,
				7F3EEF312A91A2F700F4E99B /* StoreDetailProductsView.swift */,
				7F3EEF332A91A43F00F4E99B /* StoreDetailProductItemView.swift */,
			);
			path = StoreDetailview;
			sourceTree = "<group>";
		};
/* End PBXGroup section */

/* Begin PBXNativeTarget section */
		7F0B95852A903F6A00845718 /* ChefDelivery */ = {
			isa = PBXNativeTarget;
			buildConfigurationList = 7F0B95942A903F6A00845718 /* Build configuration list for PBXNativeTarget "ChefDelivery" */;
			buildPhases = (
				7F0B95822A903F6A00845718 /* Sources */,
				7F0B95832A903F6A00845718 /* Frameworks */,
				7F0B95842A903F6A00845718 /* Resources */,
			);
			buildRules = (
			);
			dependencies = (
			);
			name = ChefDelivery;
			productName = ChefDelivery;
			productReference = 7F0B95862A903F6A00845718 /* ChefDelivery.app */;
			productType = "com.apple.product-type.application";
		};
/* End PBXNativeTarget section */

/* Begin PBXProject section */
		7F0B957E2A903F6900845718 /* Project object */ = {
			isa = PBXProject;
			attributes = {
				BuildIndependentTargetsInParallel = 1;
				LastSwiftUpdateCheck = 1430;
				LastUpgradeCheck = 1430;
				TargetAttributes = {
					7F0B95852A903F6A00845718 = {
						CreatedOnToolsVersion = 14.3.1;
					};
				};
			};
			buildConfigurationList = 7F0B95812A903F6900845718 /* Build configuration list for PBXProject "ChefDelivery" */;
			compatibilityVersion = "Xcode 14.0";
			developmentRegion = en;
			hasScannedForEncodings = 0;
			knownRegions = (
				en,
				Base,
			);
			mainGroup = 7F0B957D2A903F6900845718;
			productRefGroup = 7F0B95872A903F6A00845718 /* Products */;
			projectDirPath = "";
			projectRoot = "";
			targets = (
				7F0B95852A903F6A00845718 /* ChefDelivery */,
			);
		};
/* End PBXProject section */

/* Begin PBXResourcesBuildPhase section */
		7F0B95842A903F6A00845718 /* Resources */ = {
			isa = PBXResourcesBuildPhase;
			buildActionMask = 2147483647;
			files = (
				7F0B95912A903F6A00845718 /* Preview Assets.xcassets in Resources */,
				7F0B958E2A903F6A00845718 /* Assets.xcassets in Resources */,
			);
			runOnlyForDeploymentPostprocessing = 0;
		};
/* End PBXResourcesBuildPhase section */

/* Begin PBXSourcesBuildPhase section */
		7F0B95822A903F6A00845718 /* Sources */ = {
			isa = PBXSourcesBuildPhase;
			buildActionMask = 2147483647;
			files = (
				7F3EEF362A91A5DA00F4E99B /* ProductDetailHeaderView.swift in Sources */,
				7F0B958C2A903F6A00845718 /* ContentView.swift in Sources */,
				7F3EEF2D2A91950700F4E99B /* ProductDetailView.swift in Sources */,
				7F3EEF272A91795800F4E99B /* ProductType.swift in Sources */,
				7F0B95B02A90589700845718 /* StoresConteinerView.swift in Sources */,
				7F0B959D2A9046DD00845718 /* OrderTypeGridView.swift in Sources */,
				7F3EEF382A91A63700F4E99B /* ProductDetailQuantityView.swift in Sources */,
				7F3EEF2A2A91805F00F4E99B /* Double+.swift in Sources */,
				7F0B95A32A904B5500845718 /* DataSourceMock.swift in Sources */,
				7F0B95A52A904E1000845718 /* OrderTypeView.swift in Sources */,
				7F0B958A2A903F6A00845718 /* ChefDeliveryApp.swift in Sources */,
				7F3EEF342A91A43F00F4E99B /* StoreDetailProductItemView.swift in Sources */,
				7F0B95AD2A90571D00845718 /* StoreItemView.swift in Sources */,
				7F3EEF232A916EED00F4E99B /* StoreDetailView.swift in Sources */,
				7F0B959A2A90422500845718 /* NavigationBar.swift in Sources */,
				7F0B95AA2A90551100845718 /* CarroselTabView.swift in Sources */,
				7F0B95A82A90538D00845718 /* CarroselItemView.swift in Sources */,
				7F3EEF252A91791400F4E99B /* StoreType.swift in Sources */,
				7F3EEF322A91A2F700F4E99B /* StoreDetailProductsView.swift in Sources */,
				7F0B95A12A904AE700845718 /* OderType.swift in Sources */,
				7F3EEF302A91A25100F4E99B /* StoreDetailHeaderView.swift in Sources */,
			);
			runOnlyForDeploymentPostprocessing = 0;
		};
/* End PBXSourcesBuildPhase section */

/* Begin XCBuildConfiguration section */
		7F0B95922A903F6A00845718 /* Debug */ = {
			isa = XCBuildConfiguration;
			buildSettings = {
				ALWAYS_SEARCH_USER_PATHS = NO;
				CLANG_ANALYZER_NONNULL = YES;
				CLANG_ANALYZER_NUMBER_OBJECT_CONVERSION = YES_AGGRESSIVE;
				CLANG_CXX_LANGUAGE_STANDARD = "gnu++20";
				CLANG_ENABLE_MODULES = YES;
				CLANG_ENABLE_OBJC_ARC = YES;
				CLANG_ENABLE_OBJC_WEAK = YES;
				CLANG_WARN_BLOCK_CAPTURE_AUTORELEASING = YES;
				CLANG_WARN_BOOL_CONVERSION = YES;
				CLANG_WARN_COMMA = YES;
				CLANG_WARN_CONSTANT_CONVERSION = YES;
				CLANG_WARN_DEPRECATED_OBJC_IMPLEMENTATIONS = YES;
				CLANG_WARN_DIRECT_OBJC_ISA_USAGE = YES_ERROR;
				CLANG_WARN_DOCUMENTATION_COMMENTS = YES;
				CLANG_WARN_EMPTY_BODY = YES;
				CLANG_WARN_ENUM_CONVERSION = YES;
				CLANG_WARN_INFINITE_RECURSION = YES;
				CLANG_WARN_INT_CONVERSION = YES;
				CLANG_WARN_NON_LITERAL_NULL_CONVERSION = YES;
				CLANG_WARN_OBJC_IMPLICIT_RETAIN_SELF = YES;
				CLANG_WARN_OBJC_LITERAL_CONVERSION = YES;
				CLANG_WARN_OBJC_ROOT_CLASS = YES_ERROR;
				CLANG_WARN_QUOTED_INCLUDE_IN_FRAMEWORK_HEADER = YES;
				CLANG_WARN_RANGE_LOOP_ANALYSIS = YES;
				CLANG_WARN_STRICT_PROTOTYPES = YES;
				CLANG_WARN_SUSPICIOUS_MOVE = YES;
				CLANG_WARN_UNGUARDED_AVAILABILITY = YES_AGGRESSIVE;
				CLANG_WARN_UNREACHABLE_CODE = YES;
				CLANG_WARN__DUPLICATE_METHOD_MATCH = YES;
				COPY_PHASE_STRIP = NO;
				DEBUG_INFORMATION_FORMAT = dwarf;
				ENABLE_STRICT_OBJC_MSGSEND = YES;
				ENABLE_TESTABILITY = YES;
				GCC_C_LANGUAGE_STANDARD = gnu11;
				GCC_DYNAMIC_NO_PIC = NO;
				GCC_NO_COMMON_BLOCKS = YES;
				GCC_OPTIMIZATION_LEVEL = 0;
				GCC_PREPROCESSOR_DEFINITIONS = (
					"DEBUG=1",
					"$(inherited)",
				);
				GCC_WARN_64_TO_32_BIT_CONVERSION = YES;
				GCC_WARN_ABOUT_RETURN_TYPE = YES_ERROR;
				GCC_WARN_UNDECLARED_SELECTOR = YES;
				GCC_WARN_UNINITIALIZED_AUTOS = YES_AGGRESSIVE;
				GCC_WARN_UNUSED_FUNCTION = YES;
				GCC_WARN_UNUSED_VARIABLE = YES;
				IPHONEOS_DEPLOYMENT_TARGET = 16.4;
				MTL_ENABLE_DEBUG_INFO = INCLUDE_SOURCE;
				MTL_FAST_MATH = YES;
				ONLY_ACTIVE_ARCH = YES;
				SDKROOT = iphoneos;
				SWIFT_ACTIVE_COMPILATION_CONDITIONS = DEBUG;
				SWIFT_OPTIMIZATION_LEVEL = "-Onone";
			};
			name = Debug;
		};
		7F0B95932A903F6A00845718 /* Release */ = {
			isa = XCBuildConfiguration;
			buildSettings = {
				ALWAYS_SEARCH_USER_PATHS = NO;
				CLANG_ANALYZER_NONNULL = YES;
				CLANG_ANALYZER_NUMBER_OBJECT_CONVERSION = YES_AGGRESSIVE;
				CLANG_CXX_LANGUAGE_STANDARD = "gnu++20";
				CLANG_ENABLE_MODULES = YES;
				CLANG_ENABLE_OBJC_ARC = YES;
				CLANG_ENABLE_OBJC_WEAK = YES;
				CLANG_WARN_BLOCK_CAPTURE_AUTORELEASING = YES;
				CLANG_WARN_BOOL_CONVERSION = YES;
				CLANG_WARN_COMMA = YES;
				CLANG_WARN_CONSTANT_CONVERSION = YES;
				CLANG_WARN_DEPRECATED_OBJC_IMPLEMENTATIONS = YES;
				CLANG_WARN_DIRECT_OBJC_ISA_USAGE = YES_ERROR;
				CLANG_WARN_DOCUMENTATION_COMMENTS = YES;
				CLANG_WARN_EMPTY_BODY = YES;
				CLANG_WARN_ENUM_CONVERSION = YES;
				CLANG_WARN_INFINITE_RECURSION = YES;
				CLANG_WARN_INT_CONVERSION = YES;
				CLANG_WARN_NON_LITERAL_NULL_CONVERSION = YES;
				CLANG_WARN_OBJC_IMPLICIT_RETAIN_SELF = YES;
				CLANG_WARN_OBJC_LITERAL_CONVERSION = YES;
				CLANG_WARN_OBJC_ROOT_CLASS = YES_ERROR;
				CLANG_WARN_QUOTED_INCLUDE_IN_FRAMEWORK_HEADER = YES;
				CLANG_WARN_RANGE_LOOP_ANALYSIS = YES;
				CLANG_WARN_STRICT_PROTOTYPES = YES;
				CLANG_WARN_SUSPICIOUS_MOVE = YES;
				CLANG_WARN_UNGUARDED_AVAILABILITY = YES_AGGRESSIVE;
				CLANG_WARN_UNREACHABLE_CODE = YES;
				CLANG_WARN__DUPLICATE_METHOD_MATCH = YES;
				COPY_PHASE_STRIP = NO;
				DEBUG_INFORMATION_FORMAT = "dwarf-with-dsym";
				ENABLE_NS_ASSERTIONS = NO;
				ENABLE_STRICT_OBJC_MSGSEND = YES;
				GCC_C_LANGUAGE_STANDARD = gnu11;
				GCC_NO_COMMON_BLOCKS = YES;
				GCC_WARN_64_TO_32_BIT_CONVERSION = YES;
				GCC_WARN_ABOUT_RETURN_TYPE = YES_ERROR;
				GCC_WARN_UNDECLARED_SELECTOR = YES;
				GCC_WARN_UNINITIALIZED_AUTOS = YES_AGGRESSIVE;
				GCC_WARN_UNUSED_FUNCTION = YES;
				GCC_WARN_UNUSED_VARIABLE = YES;
				IPHONEOS_DEPLOYMENT_TARGET = 16.4;
				MTL_ENABLE_DEBUG_INFO = NO;
				MTL_FAST_MATH = YES;
				SDKROOT = iphoneos;
				SWIFT_COMPILATION_MODE = wholemodule;
				SWIFT_OPTIMIZATION_LEVEL = "-O";
				VALIDATE_PRODUCT = YES;
			};
			name = Release;
		};
		7F0B95952A903F6A00845718 /* Debug */ = {
			isa = XCBuildConfiguration;
			buildSettings = {
				ASSETCATALOG_COMPILER_APPICON_NAME = AppIcon;
				ASSETCATALOG_COMPILER_GLOBAL_ACCENT_COLOR_NAME = AccentColor;
				CODE_SIGN_STYLE = Automatic;
				CURRENT_PROJECT_VERSION = 1;
				DEVELOPMENT_ASSET_PATHS = "\"ChefDelivery/Preview Content\"";
				ENABLE_PREVIEWS = YES;
				GENERATE_INFOPLIST_FILE = YES;
				INFOPLIST_KEY_UIApplicationSceneManifest_Generation = YES;
				INFOPLIST_KEY_UIApplicationSupportsIndirectInputEvents = YES;
				INFOPLIST_KEY_UILaunchScreen_Generation = YES;
				INFOPLIST_KEY_UISupportedInterfaceOrientations_iPad = "UIInterfaceOrientationPortrait UIInterfaceOrientationPortraitUpsideDown UIInterfaceOrientationLandscapeLeft UIInterfaceOrientationLandscapeRight";
				INFOPLIST_KEY_UISupportedInterfaceOrientations_iPhone = "UIInterfaceOrientationPortrait UIInterfaceOrientationLandscapeLeft UIInterfaceOrientationLandscapeRight";
				LD_RUNPATH_SEARCH_PATHS = (
					"$(inherited)",
					"@executable_path/Frameworks",
				);
				MARKETING_VERSION = 1.0;
				PRODUCT_BUNDLE_IDENTIFIER = gui1andre.ChefDelivery;
				PRODUCT_NAME = "$(TARGET_NAME)";
				SWIFT_EMIT_LOC_STRINGS = YES;
				SWIFT_VERSION = 5.0;
				TARGETED_DEVICE_FAMILY = "1,2";
			};
			name = Debug;
		};
		7F0B95962A903F6A00845718 /* Release */ = {
			isa = XCBuildConfiguration;
			buildSettings = {
				ASSETCATALOG_COMPILER_APPICON_NAME = AppIcon;
				ASSETCATALOG_COMPILER_GLOBAL_ACCENT_COLOR_NAME = AccentColor;
				CODE_SIGN_STYLE = Automatic;
				CURRENT_PROJECT_VERSION = 1;
				DEVELOPMENT_ASSET_PATHS = "\"ChefDelivery/Preview Content\"";
				ENABLE_PREVIEWS = YES;
				GENERATE_INFOPLIST_FILE = YES;
				INFOPLIST_KEY_UIApplicationSceneManifest_Generation = YES;
				INFOPLIST_KEY_UIApplicationSupportsIndirectInputEvents = YES;
				INFOPLIST_KEY_UILaunchScreen_Generation = YES;
				INFOPLIST_KEY_UISupportedInterfaceOrientations_iPad = "UIInterfaceOrientationPortrait UIInterfaceOrientationPortraitUpsideDown UIInterfaceOrientationLandscapeLeft UIInterfaceOrientationLandscapeRight";
				INFOPLIST_KEY_UISupportedInterfaceOrientations_iPhone = "UIInterfaceOrientationPortrait UIInterfaceOrientationLandscapeLeft UIInterfaceOrientationLandscapeRight";
				LD_RUNPATH_SEARCH_PATHS = (
					"$(inherited)",
					"@executable_path/Frameworks",
				);
				MARKETING_VERSION = 1.0;
				PRODUCT_BUNDLE_IDENTIFIER = gui1andre.ChefDelivery;
				PRODUCT_NAME = "$(TARGET_NAME)";
				SWIFT_EMIT_LOC_STRINGS = YES;
				SWIFT_VERSION = 5.0;
				TARGETED_DEVICE_FAMILY = "1,2";
			};
			name = Release;
		};
/* End XCBuildConfiguration section */

/* Begin XCConfigurationList section */
		7F0B95812A903F6900845718 /* Build configuration list for PBXProject "ChefDelivery" */ = {
			isa = XCConfigurationList;
			buildConfigurations = (
				7F0B95922A903F6A00845718 /* Debug */,
				7F0B95932A903F6A00845718 /* Release */,
			);
			defaultConfigurationIsVisible = 0;
			defaultConfigurationName = Release;
		};
		7F0B95942A903F6A00845718 /* Build configuration list for PBXNativeTarget "ChefDelivery" */ = {
			isa = XCConfigurationList;
			buildConfigurations = (
				7F0B95952A903F6A00845718 /* Debug */,
				7F0B95962A903F6A00845718 /* Release */,
			);
			defaultConfigurationIsVisible = 0;
			defaultConfigurationName = Release;
		};
/* End XCConfigurationList section */
	};
	rootObject = 7F0B957E2A903F6900845718 /* Project object */;
}
